{
  "version": 4,
  "terraform_version": "1.1.5",
  "serial": 48,
  "lineage": "f887ed69-f651-30fe-c9e9-56754b309c22",
  "outputs": {
    "kubernetes_cluster_host": {
      "value": "34.123.161.50",
      "type": "string"
    },
    "kubernetes_cluster_name": {
      "value": "my-project-googl-340908-gke",
      "type": "string"
    },
    "project_id": {
      "value": "my-project-googl-340908",
      "type": "string"
    },
    "region": {
      "value": "us-central1",
      "type": "string"
    }
  },
  "resources": [
    {
      "mode": "managed",
      "type": "google_compute_network",
      "name": "vpc",
      "provider": "provider[\"registry.terraform.io/hashicorp/google\"]",
      "instances": [
        {
          "schema_version": 0,
          "attributes": {
            "auto_create_subnetworks": false,
            "delete_default_routes_on_create": false,
            "description": "",
            "gateway_ipv4": "",
            "id": "projects/my-project-googl-340908/global/networks/my-project-googl-340908-vpc",
            "mtu": 0,
            "name": "my-project-googl-340908-vpc",
            "project": "my-project-googl-340908",
            "routing_mode": "REGIONAL",
            "self_link": "https://www.googleapis.com/compute/v1/projects/my-project-googl-340908/global/networks/my-project-googl-340908-vpc",
            "timeouts": null
          },
          "sensitive_attributes": [],
          "private": "eyJlMmJmYjczMC1lY2FhLTExZTYtOGY4OC0zNDM2M2JjN2M0YzAiOnsiY3JlYXRlIjoxMjAwMDAwMDAwMDAwLCJkZWxldGUiOjEyMDAwMDAwMDAwMDAsInVwZGF0ZSI6MTIwMDAwMDAwMDAwMH19"
        }
      ]
    },
    {
      "mode": "managed",
      "type": "google_compute_subnetwork",
      "name": "subnet",
      "provider": "provider[\"registry.terraform.io/hashicorp/google\"]",
      "instances": [
        {
          "schema_version": 0,
          "attributes": {
            "creation_timestamp": "2022-02-27T21:10:45.472-08:00",
            "description": "",
            "external_ipv6_prefix": "",
            "fingerprint": null,
            "gateway_address": "10.10.0.1",
            "id": "projects/my-project-googl-340908/regions/us-central1/subnetworks/my-project-googl-340908-subnet",
            "ip_cidr_range": "10.10.0.0/24",
            "ipv6_access_type": "",
            "ipv6_cidr_range": "",
            "log_config": [],
            "name": "my-project-googl-340908-subnet",
            "network": "https://www.googleapis.com/compute/v1/projects/my-project-googl-340908/global/networks/my-project-googl-340908-vpc",
            "private_ip_google_access": false,
            "private_ipv6_google_access": "DISABLE_GOOGLE_ACCESS",
            "project": "my-project-googl-340908",
            "purpose": "PRIVATE",
            "region": "us-central1",
            "role": "",
            "secondary_ip_range": [],
            "self_link": "https://www.googleapis.com/compute/v1/projects/my-project-googl-340908/regions/us-central1/subnetworks/my-project-googl-340908-subnet",
            "stack_type": "IPV4_ONLY",
            "timeouts": null
          },
          "sensitive_attributes": [],
          "private": "eyJlMmJmYjczMC1lY2FhLTExZTYtOGY4OC0zNDM2M2JjN2M0YzAiOnsiY3JlYXRlIjoxMjAwMDAwMDAwMDAwLCJkZWxldGUiOjEyMDAwMDAwMDAwMDAsInVwZGF0ZSI6MTIwMDAwMDAwMDAwMH19",
          "dependencies": [
            "google_compute_network.vpc"
          ]
        }
      ]
    },
    {
      "mode": "managed",
      "type": "google_container_cluster",
      "name": "primary",
      "provider": "provider[\"registry.terraform.io/hashicorp/google\"]",
      "instances": [
        {
          "schema_version": 1,
          "attributes": {
            "addons_config": [
              {
                "cloudrun_config": [],
                "gcp_filestore_csi_driver_config": [],
                "horizontal_pod_autoscaling": [],
                "http_load_balancing": [],
                "network_policy_config": [
                  {
                    "disabled": true
                  }
                ]
              }
            ],
            "authenticator_groups_config": [],
            "cluster_autoscaling": [
              {
                "auto_provisioning_defaults": [],
                "enabled": false,
                "resource_limits": []
              }
            ],
            "cluster_ipv4_cidr": "10.128.0.0/14",
            "confidential_nodes": [],
            "database_encryption": [
              {
                "key_name": "",
                "state": "DECRYPTED"
              }
            ],
            "datapath_provider": "",
            "default_max_pods_per_node": null,
            "default_snat_status": [
              {
                "disabled": false
              }
            ],
            "description": "",
            "dns_config": [],
            "enable_autopilot": false,
            "enable_binary_authorization": false,
            "enable_intranode_visibility": false,
            "enable_kubernetes_alpha": false,
            "enable_legacy_abac": false,
            "enable_shielded_nodes": true,
            "enable_tpu": false,
            "endpoint": "34.123.161.50",
            "id": "projects/my-project-googl-340908/locations/us-central1/clusters/my-project-googl-340908-gke",
            "initial_node_count": 1,
            "ip_allocation_policy": [],
            "label_fingerprint": "a9dc16a7",
            "location": "us-central1",
            "logging_config": [
              {
                "enable_components": [
                  "SYSTEM_COMPONENTS",
                  "WORKLOADS"
                ]
              }
            ],
            "logging_service": "logging.googleapis.com/kubernetes",
            "maintenance_policy": [],
            "master_auth": [
              {
                "client_certificate": "",
                "client_certificate_config": [
                  {
                    "issue_client_certificate": false
                  }
                ],
                "client_key": "",
                "cluster_ca_certificate": "LS0tLS1CRUdJTiBDRVJUSUZJQ0FURS0tLS0tCk1JSUVMRENDQXBTZ0F3SUJBZ0lRTHhnMlE0NThuUWM4dWdjeFltTG5oakFOQmdrcWhraUc5dzBCQVFzRkFEQXYKTVMwd0t3WURWUVFERXlSaU16TXhOamt6TlMwMU9UaGlMVFExT1dVdE9XUTJaUzB3TmpCaE5UZ3dOekJqTUdJdwpJQmNOTWpJd01qSTRNRFF4TVRFeFdoZ1BNakExTWpBeU1qRXdOVEV4TVRGYU1DOHhMVEFyQmdOVkJBTVRKR0l6Ck16RTJPVE0xTFRVNU9HSXRORFU1WlMwNVpEWmxMVEEyTUdFMU9EQTNNR013WWpDQ0FhSXdEUVlKS29aSWh2Y04KQVFFQkJRQURnZ0dQQURDQ0FZb0NnZ0dCQUxPai93SnZ5RzN5ZTVJN2YwWWdjZDlwV212WXgvZ1NUYnBoZ1E1YwpEdW9ZazFsamRYWWU0RDFuVW9GZzd1UmxzMmZDQldlZFBpTnM4cWwrenV4c3dIczdkM2UweVpkMHpqWmI3UmVTCjlPYVY2dVRBQVZsazc4K0VnbWg0aGhCYjMvdVA3akRmamFlSUJiOXVaYVFjcUZRd09RL2o1WTg4V2V1UXNmWkgKekZOYWxhVXJJaFdZSUJqMlBrcDFpMUZmUGhmL0J0VURoWmk1N3NQK0RQYnhhU2Q1elU2TGxrKzBnS2wxMHVPcQpqczNFTU9CNDl5alZ1RnNReFpFUlNkc1JPRGg1NjYvakozWktsekp1a2dHOUpvNzFYa3lrUUg2OWR4N2ViTGpWCnNocjBHZjIrQWZkMVp2NkQ1QlJTaTVkZHk1WEZnSGdJaGU0S0grRFNhS1ZrT0hhUi9SM21pMjhvNldteG13L24KSnhnM28vL2hoWXIveXlPMzczU0NEM2d3T2ExWkl5ZyttaThFQm03YUUveEdzbmV4a2hmRFlWOFJ4Y2VNSUR3dQprSWZIdVFLVkhKUHFEd2dpbHdNV3JLamVyeU0zWHlaNUxDKzJCOG53ZkpmOHZYNmZWQ1N1REF5S3drU2psZ2RXCml3ZU4vUDJxN1c1b2xxbCtYQW50MUI1eXJRSURBUUFCbzBJd1FEQU9CZ05WSFE4QkFmOEVCQU1DQWdRd0R3WUQKVlIwVEFRSC9CQVV3QXdFQi96QWRCZ05WSFE0RUZnUVVOYjAyNnphN05EMURPaE9XWU0zYS9hL2xIV1V3RFFZSgpLb1pJaHZjTkFRRUxCUUFEZ2dHQkFDNkJEalVqbGtUMVBtaThoeE1DQXpnZ1ZJWVZuSU4waVNaVXAyMHJXVTdkCk52dkVlZzQzSEcyMnFtL3NkOEJ3OHdSbzh4WS9GZ29IWDhvZGZ6NkUxdit2SndYZVM5VEpETDlCUExvQVVqZ1MKYWxubERoY3NhTU9qRmkxc2w3ZXYyZWRsMkt1c0ZRMFk0d0cxWllVQTRyVDlzU3NURXBBUHVCT1RGN1dhT0JwQgoraWo2V3NCNFA2bnpza29Ia1hYVHkzeTk3MEV2NGlZNlZ3WUg5N0IwQjQ5N0YwUjQwQmZkNXdHWW4reFR1OGhQCnFZV2N2YnpxS3c2UUN1WFJYUDBKYUZSRmRIZDhPeXJFV1hVb1d5OHd1dmwwbC82NlI5SC9Cc2s2S3piUVNXV2gKcXFkeHRIQkt6ZVRBL2o5YU5wSzFPRmF3RjUyaGlwVXZBVWpTelVqa1VaNEs5bkpRODU2aXNnQTlxem5hZG9RWgo4WlZIajN1aGJzMTdBc2JVcU1ybXhpemMzNkVsYVhwZ1pYSnJuNThFVlFXL1JsVXFuS1hSWCs4UUYrZ0pFcTNFCk85Y1NwQkNLelYwRDduQTZZem9BNTVoOHkxbFFhbjhhT28wSWtKdjhFeFFHVlYrb2NGOFk1c0dHL0FLNWJjVmYKdWRsNlFUQjBKT0U3QmxCTmxiS3Nndz09Ci0tLS0tRU5EIENFUlRJRklDQVRFLS0tLS0K"
              }
            ],
            "master_authorized_networks_config": [],
            "master_version": "1.21.6-gke.1500",
            "min_master_version": null,
            "monitoring_config": [
              {
                "enable_components": [
                  "SYSTEM_COMPONENTS"
                ]
              }
            ],
            "monitoring_service": "monitoring.googleapis.com/kubernetes",
            "name": "my-project-googl-340908-gke",
            "network": "projects/my-project-googl-340908/global/networks/my-project-googl-340908-vpc",
            "network_policy": [
              {
                "enabled": false,
                "provider": "PROVIDER_UNSPECIFIED"
              }
            ],
            "networking_mode": "ROUTES",
            "node_config": [],
            "node_locations": [
              "us-central1-a",
              "us-central1-b",
              "us-central1-f"
            ],
            "node_pool": [],
            "node_version": "1.21.6-gke.1500",
            "operation": null,
            "private_cluster_config": [],
            "private_ipv6_google_access": "",
            "project": "my-project-googl-340908",
            "release_channel": [
              {
                "channel": "REGULAR"
              }
            ],
            "remove_default_node_pool": true,
            "resource_labels": null,
            "resource_usage_export_config": [],
            "self_link": "https://container.googleapis.com/v1/projects/my-project-googl-340908/locations/us-central1/clusters/my-project-googl-340908-gke",
            "services_ipv4_cidr": "10.131.240.0/20",
            "subnetwork": "projects/my-project-googl-340908/regions/us-central1/subnetworks/my-project-googl-340908-subnet",
            "timeouts": null,
            "tpu_ipv4_cidr_block": "",
            "vertical_pod_autoscaling": [],
            "workload_identity_config": []
          },
          "sensitive_attributes": [],
          "private": "eyJlMmJmYjczMC1lY2FhLTExZTYtOGY4OC0zNDM2M2JjN2M0YzAiOnsiY3JlYXRlIjoyNDAwMDAwMDAwMDAwLCJkZWxldGUiOjI0MDAwMDAwMDAwMDAsInJlYWQiOjI0MDAwMDAwMDAwMDAsInVwZGF0ZSI6MzYwMDAwMDAwMDAwMH0sInNjaGVtYV92ZXJzaW9uIjoiMSJ9",
          "dependencies": [
            "google_compute_network.vpc",
            "google_compute_subnetwork.subnet"
          ]
        }
      ]
    },
    {
      "mode": "managed",
      "type": "google_container_node_pool",
      "name": "primary_nodes",
      "provider": "provider[\"registry.terraform.io/hashicorp/google\"]",
      "instances": [
        {
          "schema_version": 1,
          "attributes": {
            "autoscaling": [],
            "cluster": "my-project-googl-340908-gke",
            "id": "projects/my-project-googl-340908/locations/us-central1/clusters/my-project-googl-340908-gke/nodePools/my-project-googl-340908-gke-node-pool",
            "initial_node_count": 1,
            "instance_group_urls": [
              "https://www.googleapis.com/compute/v1/projects/my-project-googl-340908/zones/us-central1-a/instanceGroupManagers/gke-my-project-googl-my-project-googl-2eeea04f-grp",
              "https://www.googleapis.com/compute/v1/projects/my-project-googl-340908/zones/us-central1-b/instanceGroupManagers/gke-my-project-googl-my-project-googl-e0ebf470-grp",
              "https://www.googleapis.com/compute/v1/projects/my-project-googl-340908/zones/us-central1-f/instanceGroupManagers/gke-my-project-googl-my-project-googl-3a088681-grp"
            ],
            "location": "us-central1",
            "managed_instance_group_urls": [
              "https://www.googleapis.com/compute/v1/projects/my-project-googl-340908/zones/us-central1-a/instanceGroups/gke-my-project-googl-my-project-googl-2eeea04f-grp",
              "https://www.googleapis.com/compute/v1/projects/my-project-googl-340908/zones/us-central1-b/instanceGroups/gke-my-project-googl-my-project-googl-e0ebf470-grp",
              "https://www.googleapis.com/compute/v1/projects/my-project-googl-340908/zones/us-central1-f/instanceGroups/gke-my-project-googl-my-project-googl-3a088681-grp"
            ],
            "management": [
              {
                "auto_repair": true,
                "auto_upgrade": true
              }
            ],
            "max_pods_per_node": null,
            "name": "my-project-googl-340908-gke-node-pool",
            "name_prefix": "",
            "node_config": [
              {
                "boot_disk_kms_key": "",
                "disk_size_gb": 100,
                "disk_type": "pd-standard",
                "gcfs_config": [],
                "guest_accelerator": [],
                "image_type": "COS_CONTAINERD",
                "labels": {
                  "env": "my-project-googl-340908"
                },
                "local_ssd_count": 0,
                "machine_type": "e2-medium",
                "metadata": {
                  "disable-legacy-endpoints": "true"
                },
                "min_cpu_platform": "",
                "node_group": "",
                "oauth_scopes": [
                  "https://www.googleapis.com/auth/cloud-platform",
                  "https://www.googleapis.com/auth/logging.write",
                  "https://www.googleapis.com/auth/monitoring"
                ],
                "preemptible": false,
                "service_account": "default",
                "shielded_instance_config": [
                  {
                    "enable_integrity_monitoring": true,
                    "enable_secure_boot": false
                  }
                ],
                "tags": [
                  "gke-node",
                  "my-project-googl-340908-gke"
                ],
                "taint": [],
                "workload_metadata_config": []
              }
            ],
            "node_count": 1,
            "node_locations": [
              "us-central1-a",
              "us-central1-b",
              "us-central1-f"
            ],
            "operation": null,
            "project": "my-project-googl-340908",
            "timeouts": null,
            "upgrade_settings": [
              {
                "max_surge": 1,
                "max_unavailable": 0
              }
            ],
            "version": "1.21.6-gke.1500"
          },
          "sensitive_attributes": [],
          "private": "eyJlMmJmYjczMC1lY2FhLTExZTYtOGY4OC0zNDM2M2JjN2M0YzAiOnsiY3JlYXRlIjoxODAwMDAwMDAwMDAwLCJkZWxldGUiOjE4MDAwMDAwMDAwMDAsInVwZGF0ZSI6MTgwMDAwMDAwMDAwMH0sInNjaGVtYV92ZXJzaW9uIjoiMSJ9",
          "dependencies": [
            "google_compute_network.vpc",
            "google_compute_subnetwork.subnet",
            "google_container_cluster.primary"
          ]
        }
      ]
    }
  ]
}
